dependencies:
  cbor:
    component_hash: null
    source:
      path: C:\Users\iprit\Downloads\esp-rainmaker\components\cbor
      type: local
    version: 0.6.0~1
  esp_secure_cert_mgr:
    component_hash: null
    source:
      path: C:\Users\iprit\Downloads\esp-rainmaker\components\esp_secure_cert_mgr
      type: local
    version: 2.4.1
  espressif/esp_diag_data_store:
    component_hash: null
    source:
      path: C:\Users\iprit\Downloads\esp-rainmaker\components\esp-insights\components\esp_diag_data_store
      type: local
    version: 1.0.1
  espressif/esp_diagnostics:
    component_hash: null
    source:
      path: C:\Users\iprit\Downloads\esp-rainmaker\components\esp-insights\components\esp_diagnostics
      type: local
    version: 1.0.1
  espressif/esp_insights:
    component_hash: null
    source:
      path: C:\Users\iprit\Downloads\esp-rainmaker\components\esp-insights\components\esp_insights
      type: local
    version: 1.0.1
  espressif/esp_rainmaker:
    component_hash: null
    source:
      path: C:\Users\iprit\Downloads\esp-rainmaker\components\esp_rainmaker
      type: local
    version: 1.1.0
  espressif/esp_schedule:
    component_hash: null
    source:
      path: C:\Users\iprit\Downloads\esp-rainmaker\components\esp_schedule
      type: local
    version: 1.2.0
  espressif/json_generator:
    component_hash: null
    source:
      path: C:\Users\iprit\Downloads\esp-rainmaker\components\json_generator
      type: local
    version: 1.1.1
  espressif/json_parser:
    component_hash: null
    source:
      path: C:\Users\iprit\Downloads\esp-rainmaker\components\json_parser
      type: local
    version: 1.0.3
  espressif/rmaker_common:
    component_hash: null
    source:
      path: C:\Users\iprit\Downloads\esp-rainmaker\components\esp-insights\components\rmaker_common
      type: local
    version: 1.4.3
  idf:
    component_hash: null
    source:
      type: idf
    version: 5.2.1
  jsmn:
    component_hash: null
    source:
      path: C:\Users\iprit\Downloads\esp-rainmaker\components\jsmn
      type: local
    version: 1.1.0
  mdns:
    component_hash: null
    source:
      path: C:\Users\iprit\Downloads\esp-rainmaker\components\mdns
      type: local
    version: 1.3.1
manifest_hash: c97a4ebaa904c6ed196fc7a9bd9f673b11845f207b81aa452686aaba8c25f239
target: esp32
version: 1.0.0
